
Microsoft Visual Studio Solution File, Format Version 12.00
# Visual Studio Version 16
VisualStudioVersion = 16.0.31229.75
MinimumVisualStudioVersion = 10.0.40219.1
Project("{8BC9CEB8-8B4A-11D0-8D11-00A0C91BC942}") = "ConditionsCodesMASM", "ConditionsCodesMASM\ConditionsCodesMASM.vcxproj", "{2C2FCCB0-1CB6-41AB-8B9F-3D45A0C43CE5}"
EndProject
Global
	GlobalSection(SolutionConfigurationPlatforms) = preSolution
		Debug|x64 = Debug|x64
		Debug|x86 = Debug|x86
		Release|x64 = Release|x64
		Release|x86 = Release|x86
	EndGlobalSection
	GlobalSection(ProjectConfigurationPlatforms) = postSolution
		{2C2FCCB0-1CB6-41AB-8B9F-3D45A0C43CE5}.Debug|x64.ActiveCfg = Debug|x64
		{2C2FCCB0-1CB6-41AB-8B9F-3D45A0C43CE5}.Debug|x64.Build.0 = Debug|x64
		{2C2FCCB0-1CB6-41AB-8B9F-3D45A0C43CE5}.Debug|x86.ActiveCfg = Debug|Win32
		{2C2FCCB0-1CB6-41AB-8B9F-3D45A0C43CE5}.Debug|x86.Build.0 = Debug|Win32
		{2C2FCCB0-1CB6-41AB-8B9F-3D45A0C43CE5}.Release|x64.ActiveCfg = Release|x64
		{2C2FCCB0-1CB6-41AB-8B9F-3D45A0C43CE5}.Release|x64.Build.0 = Release|x64
		{2C2FCCB0-1CB6-41AB-8B9F-3D45A0C43CE5}.Release|x86.ActiveCfg = Release|Win32
		{2C2FCCB0-1CB6-41AB-8B9F-3D45A0C43CE5}.Release|x86.Build.0 = Release|Win32
	EndGlobalSection
	GlobalSection(SolutionProperties) = preSolution
		HideSolutionNode = FALSE
	EndGlobalSection
	GlobalSection(ExtensibilityGlobals) = postSolution
		SolutionGuid = {1925E99A-D19C-4534-AA9A-F8BC2569D524}
	EndGlobalSection
EndGlobal
